
Microsoft Visual Studio Solution File, Format Version 11.00
# Visual Studio 2010
Project("{FAE04EC0-301F-11D3-BF4B-00C04F79EFBC}") = "SLSoft.Common", "SLSoft.Common\SLSoft.Common.csproj", "{A26AFC00-FB55-4A2D-8089-02613021664E}"
EndProject
Project("{FAE04EC0-301F-11D3-BF4B-00C04F79EFBC}") = "SLSoft.EasyORM", "SLSoft.EasyORM\SLSoft.EasyORM.csproj", "{C23C239B-C253-412B-8D87-7081D488FDE0}"
EndProject
Project("{FAE04EC0-301F-11D3-BF4B-00C04F79EFBC}") = "SLSoft.IntelligentAnalysis", "SLSoft.IntelligentAnalysis\SLSoft.IntelligentAnalysis.csproj", "{D0EE404F-469D-45C6-8564-0D0BCB72286E}"
EndProject
Project("{FAE04EC0-301F-11D3-BF4B-00C04F79EFBC}") = "SLSoft.ResidentProgram", "SLSoft.ResidentProgram\SLSoft.ResidentProgram.csproj", "{ED8BAFB3-A946-4B99-887A-096095BE6977}"
EndProject
Project("{FAE04EC0-301F-11D3-BF4B-00C04F79EFBC}") = "SLSoft.Perform", "SLSoft.Perform\SLSoft.Perform.csproj", "{81F84A3C-8316-4D98-A330-B183BDC5A803}"
EndProject
Global
	GlobalSection(SolutionConfigurationPlatforms) = preSolution
		Debug|Any CPU = Debug|Any CPU
		Debug|Mixed Platforms = Debug|Mixed Platforms
		Debug|x86 = Debug|x86
		Release|Any CPU = Release|Any CPU
		Release|Mixed Platforms = Release|Mixed Platforms
		Release|x86 = Release|x86
	EndGlobalSection
	GlobalSection(ProjectConfigurationPlatforms) = postSolution
		{A26AFC00-FB55-4A2D-8089-02613021664E}.Debug|Any CPU.ActiveCfg = Debug|Any CPU
		{A26AFC00-FB55-4A2D-8089-02613021664E}.Debug|Any CPU.Build.0 = Debug|Any CPU
		{A26AFC00-FB55-4A2D-8089-02613021664E}.Debug|Mixed Platforms.ActiveCfg = Debug|Any CPU
		{A26AFC00-FB55-4A2D-8089-02613021664E}.Debug|Mixed Platforms.Build.0 = Debug|Any CPU
		{A26AFC00-FB55-4A2D-8089-02613021664E}.Debug|x86.ActiveCfg = Debug|Any CPU
		{A26AFC00-FB55-4A2D-8089-02613021664E}.Release|Any CPU.ActiveCfg = Release|Any CPU
		{A26AFC00-FB55-4A2D-8089-02613021664E}.Release|Any CPU.Build.0 = Release|Any CPU
		{A26AFC00-FB55-4A2D-8089-02613021664E}.Release|Mixed Platforms.ActiveCfg = Release|Any CPU
		{A26AFC00-FB55-4A2D-8089-02613021664E}.Release|Mixed Platforms.Build.0 = Release|Any CPU
		{A26AFC00-FB55-4A2D-8089-02613021664E}.Release|x86.ActiveCfg = Release|Any CPU
		{C23C239B-C253-412B-8D87-7081D488FDE0}.Debug|Any CPU.ActiveCfg = Debug|Any CPU
		{C23C239B-C253-412B-8D87-7081D488FDE0}.Debug|Any CPU.Build.0 = Debug|Any CPU
		{C23C239B-C253-412B-8D87-7081D488FDE0}.Debug|Mixed Platforms.ActiveCfg = Debug|Any CPU
		{C23C239B-C253-412B-8D87-7081D488FDE0}.Debug|Mixed Platforms.Build.0 = Debug|Any CPU
		{C23C239B-C253-412B-8D87-7081D488FDE0}.Debug|x86.ActiveCfg = Debug|Any CPU
		{C23C239B-C253-412B-8D87-7081D488FDE0}.Release|Any CPU.ActiveCfg = Release|Any CPU
		{C23C239B-C253-412B-8D87-7081D488FDE0}.Release|Any CPU.Build.0 = Release|Any CPU
		{C23C239B-C253-412B-8D87-7081D488FDE0}.Release|Mixed Platforms.ActiveCfg = Release|Any CPU
		{C23C239B-C253-412B-8D87-7081D488FDE0}.Release|Mixed Platforms.Build.0 = Release|Any CPU
		{C23C239B-C253-412B-8D87-7081D488FDE0}.Release|x86.ActiveCfg = Release|Any CPU
		{D0EE404F-469D-45C6-8564-0D0BCB72286E}.Debug|Any CPU.ActiveCfg = Debug|Any CPU
		{D0EE404F-469D-45C6-8564-0D0BCB72286E}.Debug|Any CPU.Build.0 = Debug|Any CPU
		{D0EE404F-469D-45C6-8564-0D0BCB72286E}.Debug|Mixed Platforms.ActiveCfg = Debug|Any CPU
		{D0EE404F-469D-45C6-8564-0D0BCB72286E}.Debug|Mixed Platforms.Build.0 = Debug|Any CPU
		{D0EE404F-469D-45C6-8564-0D0BCB72286E}.Debug|x86.ActiveCfg = Debug|Any CPU
		{D0EE404F-469D-45C6-8564-0D0BCB72286E}.Release|Any CPU.ActiveCfg = Release|Any CPU
		{D0EE404F-469D-45C6-8564-0D0BCB72286E}.Release|Any CPU.Build.0 = Release|Any CPU
		{D0EE404F-469D-45C6-8564-0D0BCB72286E}.Release|Mixed Platforms.ActiveCfg = Release|Any CPU
		{D0EE404F-469D-45C6-8564-0D0BCB72286E}.Release|Mixed Platforms.Build.0 = Release|Any CPU
		{D0EE404F-469D-45C6-8564-0D0BCB72286E}.Release|x86.ActiveCfg = Release|Any CPU
		{ED8BAFB3-A946-4B99-887A-096095BE6977}.Debug|Any CPU.ActiveCfg = Debug|Any CPU
		{ED8BAFB3-A946-4B99-887A-096095BE6977}.Debug|Any CPU.Build.0 = Debug|Any CPU
		{ED8BAFB3-A946-4B99-887A-096095BE6977}.Debug|Mixed Platforms.ActiveCfg = Debug|Any CPU
		{ED8BAFB3-A946-4B99-887A-096095BE6977}.Debug|Mixed Platforms.Build.0 = Debug|Any CPU
		{ED8BAFB3-A946-4B99-887A-096095BE6977}.Debug|x86.ActiveCfg = Debug|Any CPU
		{ED8BAFB3-A946-4B99-887A-096095BE6977}.Release|Any CPU.ActiveCfg = Release|Any CPU
		{ED8BAFB3-A946-4B99-887A-096095BE6977}.Release|Any CPU.Build.0 = Release|Any CPU
		{ED8BAFB3-A946-4B99-887A-096095BE6977}.Release|Mixed Platforms.ActiveCfg = Release|Any CPU
		{ED8BAFB3-A946-4B99-887A-096095BE6977}.Release|Mixed Platforms.Build.0 = Release|Any CPU
		{ED8BAFB3-A946-4B99-887A-096095BE6977}.Release|x86.ActiveCfg = Release|Any CPU
		{81F84A3C-8316-4D98-A330-B183BDC5A803}.Debug|Any CPU.ActiveCfg = Debug|x86
		{81F84A3C-8316-4D98-A330-B183BDC5A803}.Debug|Mixed Platforms.ActiveCfg = Debug|x86
		{81F84A3C-8316-4D98-A330-B183BDC5A803}.Debug|Mixed Platforms.Build.0 = Debug|x86
		{81F84A3C-8316-4D98-A330-B183BDC5A803}.Debug|x86.ActiveCfg = Debug|x86
		{81F84A3C-8316-4D98-A330-B183BDC5A803}.Debug|x86.Build.0 = Debug|x86
		{81F84A3C-8316-4D98-A330-B183BDC5A803}.Release|Any CPU.ActiveCfg = Release|x86
		{81F84A3C-8316-4D98-A330-B183BDC5A803}.Release|Mixed Platforms.ActiveCfg = Release|x86
		{81F84A3C-8316-4D98-A330-B183BDC5A803}.Release|Mixed Platforms.Build.0 = Release|x86
		{81F84A3C-8316-4D98-A330-B183BDC5A803}.Release|x86.ActiveCfg = Release|x86
		{81F84A3C-8316-4D98-A330-B183BDC5A803}.Release|x86.Build.0 = Release|x86
	EndGlobalSection
	GlobalSection(SolutionProperties) = preSolution
		HideSolutionNode = FALSE
	EndGlobalSection
EndGlobal
